
Microsoft Visual Studio Solution File, Format Version 12.00
# Visual Studio Version 17
VisualStudioVersion = 17.5.33516.290
MinimumVisualStudioVersion = 10.0.40219.1
Project("{FAE04EC0-301F-11D3-BF4B-00C04F79EFBC}") = "Doga", "Doga.csproj", "{7C5C6BDE-15A5-45E6-8CD0-07B7D8772AA7}"
EndProject
Global
	GlobalSection(SolutionConfigurationPlatforms) = preSolution
		Debug|Any CPU = Debug|Any CPU
		Release|Any CPU = Release|Any CPU
	EndGlobalSection
	GlobalSection(ProjectConfigurationPlatforms) = postSolution
		{7C5C6BDE-15A5-45E6-8CD0-07B7D8772AA7}.Debug|Any CPU.ActiveCfg = Debug|Any CPU
		{7C5C6BDE-15A5-45E6-8CD0-07B7D8772AA7}.Debug|Any CPU.Build.0 = Debug|Any CPU
		{7C5C6BDE-15A5-45E6-8CD0-07B7D8772AA7}.Release|Any CPU.ActiveCfg = Release|Any CPU
		{7C5C6BDE-15A5-45E6-8CD0-07B7D8772AA7}.Release|Any CPU.Build.0 = Release|Any CPU
	EndGlobalSection
	GlobalSection(SolutionProperties) = preSolution
		HideSolutionNode = FALSE
	EndGlobalSection
	GlobalSection(ExtensibilityGlobals) = postSolution
		SolutionGuid = {79021977-D470-4106-8F7F-7739B7396F74}
	EndGlobalSection
EndGlobal
